
Microsoft Visual Studio Solution File, Format Version 12.00
# Visual Studio 15
VisualStudioVersion = 15.0.27130.2036
MinimumVisualStudioVersion = 10.0.40219.1
Project("{FAE04EC0-301F-11D3-BF4B-00C04F79EFBC}") = "NGS_PolyCounter", "NGS_PolyCounter\NGS_PolyCounter.csproj", "{BA22B440-BE94-494C-B47A-7C99CC71E808}"
EndProject
Global
	GlobalSection(SolutionConfigurationPlatforms) = preSolution
		Debug|Any CPU = Debug|Any CPU
		Release|Any CPU = Release|Any CPU
	EndGlobalSection
	GlobalSection(ProjectConfigurationPlatforms) = postSolution
		{BA22B440-BE94-494C-B47A-7C99CC71E808}.Debug|Any CPU.ActiveCfg = Debug|Any CPU
		{BA22B440-BE94-494C-B47A-7C99CC71E808}.Debug|Any CPU.Build.0 = Debug|Any CPU
		{BA22B440-BE94-494C-B47A-7C99CC71E808}.Release|Any CPU.ActiveCfg = Release|Any CPU
		{BA22B440-BE94-494C-B47A-7C99CC71E808}.Release|Any CPU.Build.0 = Release|Any CPU
	EndGlobalSection
	GlobalSection(SolutionProperties) = preSolution
		HideSolutionNode = FALSE
	EndGlobalSection
	GlobalSection(ExtensibilityGlobals) = postSolution
		SolutionGuid = {B0D6F5A1-72F0-4C8E-B1F6-E0659F4C26D3}
	EndGlobalSection
EndGlobal
